
Microsoft Visual Studio Solution File, Format Version 12.00
# Visual Studio Version 17
VisualStudioVersion = 17.2.32526.322
MinimumVisualStudioVersion = 10.0.40219.1
Project("{FAE04EC0-301F-11D3-BF4B-00C04F79EFBC}") = "SetEnvironmentVariableFromCode", "SetEnvironmentVariableFromCode\SetEnvironmentVariableFromCode.csproj", "{D96D3860-8254-4FA3-A62D-CF9E5570ABC3}"
EndProject
Global
	GlobalSection(SolutionConfigurationPlatforms) = preSolution
		Debug|Any CPU = Debug|Any CPU
		Release|Any CPU = Release|Any CPU
	EndGlobalSection
	GlobalSection(ProjectConfigurationPlatforms) = postSolution
		{D96D3860-8254-4FA3-A62D-CF9E5570ABC3}.Debug|Any CPU.ActiveCfg = Debug|Any CPU
		{D96D3860-8254-4FA3-A62D-CF9E5570ABC3}.Debug|Any CPU.Build.0 = Debug|Any CPU
		{D96D3860-8254-4FA3-A62D-CF9E5570ABC3}.Release|Any CPU.ActiveCfg = Release|Any CPU
		{D96D3860-8254-4FA3-A62D-CF9E5570ABC3}.Release|Any CPU.Build.0 = Release|Any CPU
	EndGlobalSection
	GlobalSection(SolutionProperties) = preSolution
		HideSolutionNode = FALSE
	EndGlobalSection
	GlobalSection(ExtensibilityGlobals) = postSolution
		SolutionGuid = {2CBBB793-D505-4506-9171-FEA46EE3CAE6}
	EndGlobalSection
EndGlobal
